{
  "pins" : [
    {
      "identity" : "test-collector-swift",
      "kind" : "remoteSourceControl",
      "location" : "https://github.com/JamesW-iOS/test-collector-swift",
      "state" : {
        "branch" : "Add-network-logging",
        "revision" : "c41887c1c4d687b736edef5d281d4388ea182e10"
      }
    }
  ],
  "version" : 2
}
