{
  "pins" : [
    {
      "identity" : "test-collector-swift",
      "kind" : "remoteSourceControl",
      "location" : "https://github.com/buildkite/test-collector-swift",
      "state" : {
        "branch" : "main",
        "revision" : "6dd8393f7b96150a8956830af72320f5154acb32"
      }
    }
  ],
  "version" : 2
}
