{
  "pins" : [
    {
      "identity" : "test-collector-swift",
      "kind" : "remoteSourceControl",
      "location" : "https://github.com/JamesW-iOS/test-collector-swift",
      "state" : {
        "branch" : "Add-network-logging",
        "revision" : "1e05a1b23fc5568f1ed2583f7b0e6be9eac348b0"
      }
    }
  ],
  "version" : 2
}
