// !$*UTF8*$!
{
	archiveVersion = 1;
	classes = {
	};
	objectVersion = 55;
	objects = {

/* Begin PBXBuildFile section */
		3F5517212861780A002CF097 /* TestPressApp.swift in Sources */ = {isa = PBXBuildFile; fileRef = 3F5517202861780A002CF097 /* TestPressApp.swift */; };
		3F5517232861780A002CF097 /* ContentView.swift in Sources */ = {isa = PBXBuildFile; fileRef = 3F5517222861780A002CF097 /* ContentView.swift */; };
		3F5517252861780B002CF097 /* Assets.xcassets in Resources */ = {isa = PBXBuildFile; fileRef = 3F5517242861780B002CF097 /* Assets.xcassets */; };
		3F5517282861780B002CF097 /* Preview Assets.xcassets in Resources */ = {isa = PBXBuildFile; fileRef = 3F5517272861780B002CF097 /* Preview Assets.xcassets */; };
		3F5517322861780B002CF097 /* TestPressTests.swift in Sources */ = {isa = PBXBuildFile; fileRef = 3F5517312861780B002CF097 /* TestPressTests.swift */; };
		3F55173C2861780B002CF097 /* TestPressUITests.swift in Sources */ = {isa = PBXBuildFile; fileRef = 3F55173B2861780B002CF097 /* TestPressUITests.swift */; };
		3F55174C286186A8002CF097 /* BuildkiteTestCollector in Frameworks */ = {isa = PBXBuildFile; productRef = 3F55174B286186A8002CF097 /* BuildkiteTestCollector */; };
/* End PBXBuildFile section */

/* Begin PBXContainerItemProxy section */
		3F55172E2861780B002CF097 /* PBXContainerItemProxy */ = {
			isa = PBXContainerItemProxy;
			containerPortal = 3F5517152861780A002CF097 /* Project object */;
			proxyType = 1;
			remoteGlobalIDString = 3F55171C2861780A002CF097;
			remoteInfo = TestPress;
		};
		3F5517382861780B002CF097 /* PBXContainerItemProxy */ = {
			isa = PBXContainerItemProxy;
			containerPortal = 3F5517152861780A002CF097 /* Project object */;
			proxyType = 1;
			remoteGlobalIDString = 3F55171C2861780A002CF097;
			remoteInfo = TestPress;
		};
/* End PBXContainerItemProxy section */

/* Begin PBXFileReference section */
		3F55171D2861780A002CF097 /* TestPress.app */ = {isa = PBXFileReference; explicitFileType = wrapper.application; includeInIndex = 0; path = TestPress.app; sourceTree = BUILT_PRODUCTS_DIR; };
		3F5517202861780A002CF097 /* TestPressApp.swift */ = {isa = PBXFileReference; lastKnownFileType = sourcecode.swift; path = TestPressApp.swift; sourceTree = "<group>"; };
		3F5517222861780A002CF097 /* ContentView.swift */ = {isa = PBXFileReference; lastKnownFileType = sourcecode.swift; path = ContentView.swift; sourceTree = "<group>"; };
		3F5517242861780B002CF097 /* Assets.xcassets */ = {isa = PBXFileReference; lastKnownFileType = folder.assetcatalog; path = Assets.xcassets; sourceTree = "<group>"; };
		3F5517272861780B002CF097 /* Preview Assets.xcassets */ = {isa = PBXFileReference; lastKnownFileType = folder.assetcatalog; path = "Preview Assets.xcassets"; sourceTree = "<group>"; };
		3F55172D2861780B002CF097 /* TestPressTests.xctest */ = {isa = PBXFileReference; explicitFileType = wrapper.cfbundle; includeInIndex = 0; path = TestPressTests.xctest; sourceTree = BUILT_PRODUCTS_DIR; };
		3F5517312861780B002CF097 /* TestPressTests.swift */ = {isa = PBXFileReference; lastKnownFileType = sourcecode.swift; path = TestPressTests.swift; sourceTree = "<group>"; };
		3F5517372861780B002CF097 /* TestPressUITests.xctest */ = {isa = PBXFileReference; explicitFileType = wrapper.cfbundle; includeInIndex = 0; path = TestPressUITests.xctest; sourceTree = BUILT_PRODUCTS_DIR; };
		3F55173B2861780B002CF097 /* TestPressUITests.swift */ = {isa = PBXFileReference; lastKnownFileType = sourcecode.swift; path = TestPressUITests.swift; sourceTree = "<group>"; };
		3F55174D2861DECC002CF097 /* TestPress.xctestplan */ = {isa = PBXFileReference; lastKnownFileType = text; path = TestPress.xctestplan; sourceTree = "<group>"; };
		3FC58C4D2877DA1700CBFDD9 /* UI-Tests.xctestplan */ = {isa = PBXFileReference; lastKnownFileType = text; path = "UI-Tests.xctestplan"; sourceTree = "<group>"; };
/* End PBXFileReference section */

/* Begin PBXFrameworksBuildPhase section */
		3F55171A2861780A002CF097 /* Frameworks */ = {
			isa = PBXFrameworksBuildPhase;
			buildActionMask = 2147483647;
			files = (
			);
			runOnlyForDeploymentPostprocessing = 0;
		};
		3F55172A2861780B002CF097 /* Frameworks */ = {
			isa = PBXFrameworksBuildPhase;
			buildActionMask = 2147483647;
			files = (
				3F55174C286186A8002CF097 /* BuildkiteTestCollector in Frameworks */,
			);
			runOnlyForDeploymentPostprocessing = 0;
		};
		3F5517342861780B002CF097 /* Frameworks */ = {
			isa = PBXFrameworksBuildPhase;
			buildActionMask = 2147483647;
			files = (
			);
			runOnlyForDeploymentPostprocessing = 0;
		};
/* End PBXFrameworksBuildPhase section */

/* Begin PBXGroup section */
		3F5517142861780A002CF097 = {
			isa = PBXGroup;
			children = (
				3F55171F2861780A002CF097 /* TestPress */,
				3F5517302861780B002CF097 /* TestPressTests */,
				3F55173A2861780B002CF097 /* TestPressUITests */,
				3F55171E2861780A002CF097 /* Products */,
			);
			sourceTree = "<group>";
		};
		3F55171E2861780A002CF097 /* Products */ = {
			isa = PBXGroup;
			children = (
				3F55171D2861780A002CF097 /* TestPress.app */,
				3F55172D2861780B002CF097 /* TestPressTests.xctest */,
				3F5517372861780B002CF097 /* TestPressUITests.xctest */,
			);
			name = Products;
			sourceTree = "<group>";
		};
		3F55171F2861780A002CF097 /* TestPress */ = {
			isa = PBXGroup;
			children = (
				3F5517202861780A002CF097 /* TestPressApp.swift */,
				3F5517222861780A002CF097 /* ContentView.swift */,
				3F5517242861780B002CF097 /* Assets.xcassets */,
				3F5517262861780B002CF097 /* Preview Content */,
			);
			path = TestPress;
			sourceTree = "<group>";
		};
		3F5517262861780B002CF097 /* Preview Content */ = {
			isa = PBXGroup;
			children = (
				3F5517272861780B002CF097 /* Preview Assets.xcassets */,
			);
			path = "Preview Content";
			sourceTree = "<group>";
		};
		3F5517302861780B002CF097 /* TestPressTests */ = {
			isa = PBXGroup;
			children = (
				3F5517312861780B002CF097 /* TestPressTests.swift */,
				3F55174D2861DECC002CF097 /* TestPress.xctestplan */,
			);
			path = TestPressTests;
			sourceTree = "<group>";
		};
		3F55173A2861780B002CF097 /* TestPressUITests */ = {
			isa = PBXGroup;
			children = (
				3F55173B2861780B002CF097 /* TestPressUITests.swift */,
				3FC58C4D2877DA1700CBFDD9 /* UI-Tests.xctestplan */,
			);
			path = TestPressUITests;
			sourceTree = "<group>";
		};
/* End PBXGroup section */

/* Begin PBXNativeTarget section */
		3F55171C2861780A002CF097 /* TestPress */ = {
			isa = PBXNativeTarget;
			buildConfigurationList = 3F5517412861780B002CF097 /* Build configuration list for PBXNativeTarget "TestPress" */;
			buildPhases = (
				3F5517192861780A002CF097 /* Sources */,
				3F55171A2861780A002CF097 /* Frameworks */,
				3F55171B2861780A002CF097 /* Resources */,
			);
			buildRules = (
			);
			dependencies = (
			);
			name = TestPress;
			productName = TestPress;
			productReference = 3F55171D2861780A002CF097 /* TestPress.app */;
			productType = "com.apple.product-type.application";
		};
		3F55172C2861780B002CF097 /* TestPressTests */ = {
			isa = PBXNativeTarget;
			buildConfigurationList = 3F5517442861780B002CF097 /* Build configuration list for PBXNativeTarget "TestPressTests" */;
			buildPhases = (
				3F5517292861780B002CF097 /* Sources */,
				3F55172A2861780B002CF097 /* Frameworks */,
				3F55172B2861780B002CF097 /* Resources */,
			);
			buildRules = (
			);
			dependencies = (
				3F55172F2861780B002CF097 /* PBXTargetDependency */,
			);
			name = TestPressTests;
			packageProductDependencies = (
				3F55174B286186A8002CF097 /* BuildkiteTestCollector */,
			);
			productName = TestPressTests;
			productReference = 3F55172D2861780B002CF097 /* TestPressTests.xctest */;
			productType = "com.apple.product-type.bundle.unit-test";
		};
		3F5517362861780B002CF097 /* TestPressUITests */ = {
			isa = PBXNativeTarget;
			buildConfigurationList = 3F5517472861780B002CF097 /* Build configuration list for PBXNativeTarget "TestPressUITests" */;
			buildPhases = (
				3F5517332861780B002CF097 /* Sources */,
				3F5517342861780B002CF097 /* Frameworks */,
				3F5517352861780B002CF097 /* Resources */,
			);
			buildRules = (
			);
			dependencies = (
				3F5517392861780B002CF097 /* PBXTargetDependency */,
			);
			name = TestPressUITests;
			packageProductDependencies = (
				3F55174B286186A8002CF097 /* BuildkiteTestCollector */,
			);
			productName = TestPressUITests;
			productReference = 3F5517372861780B002CF097 /* TestPressUITests.xctest */;
			productType = "com.apple.product-type.bundle.ui-testing";
		};
/* End PBXNativeTarget section */

/* Begin PBXProject section */
		3F5517152861780A002CF097 /* Project object */ = {
			isa = PBXProject;
			attributes = {
				BuildIndependentTargetsInParallel = 1;
				LastSwiftUpdateCheck = 1340;
				LastUpgradeCheck = 1340;
				TargetAttributes = {
					3F55171C2861780A002CF097 = {
						CreatedOnToolsVersion = 13.4.1;
					};
					3F55172C2861780B002CF097 = {
						CreatedOnToolsVersion = 13.4.1;
						TestTargetID = 3F55171C2861780A002CF097;
					};
					3F5517362861780B002CF097 = {
						CreatedOnToolsVersion = 13.4.1;
						TestTargetID = 3F55171C2861780A002CF097;
					};
				};
			};
			buildConfigurationList = 3F5517182861780A002CF097 /* Build configuration list for PBXProject "TestPress" */;
			compatibilityVersion = "Xcode 13.0";
			developmentRegion = en;
			hasScannedForEncodings = 0;
			knownRegions = (
				en,
				Base,
			);
			mainGroup = 3F5517142861780A002CF097;
			packageReferences = (
				3F55174A286186A8002CF097 /* XCRemoteSwiftPackageReference "test-collector-swift" */,
			);
			productRefGroup = 3F55171E2861780A002CF097 /* Products */;
			projectDirPath = "";
			projectRoot = "";
			targets = (
				3F55171C2861780A002CF097 /* TestPress */,
				3F55172C2861780B002CF097 /* TestPressTests */,
				3F5517362861780B002CF097 /* TestPressUITests */,
			);
		};
/* End PBXProject section */

/* Begin PBXResourcesBuildPhase section */
		3F55171B2861780A002CF097 /* Resources */ = {
			isa = PBXResourcesBuildPhase;
			buildActionMask = 2147483647;
			files = (
				3F5517282861780B002CF097 /* Preview Assets.xcassets in Resources */,
				3F5517252861780B002CF097 /* Assets.xcassets in Resources */,
			);
			runOnlyForDeploymentPostprocessing = 0;
		};
		3F55172B2861780B002CF097 /* Resources */ = {
			isa = PBXResourcesBuildPhase;
			buildActionMask = 2147483647;
			files = (
			);
			runOnlyForDeploymentPostprocessing = 0;
		};
		3F5517352861780B002CF097 /* Resources */ = {
			isa = PBXResourcesBuildPhase;
			buildActionMask = 2147483647;
			files = (
			);
			runOnlyForDeploymentPostprocessing = 0;
		};
/* End PBXResourcesBuildPhase section */

/* Begin PBXSourcesBuildPhase section */
		3F5517192861780A002CF097 /* Sources */ = {
			isa = PBXSourcesBuildPhase;
			buildActionMask = 2147483647;
			files = (
				3F5517232861780A002CF097 /* ContentView.swift in Sources */,
				3F5517212861780A002CF097 /* TestPressApp.swift in Sources */,
			);
			runOnlyForDeploymentPostprocessing = 0;
		};
		3F5517292861780B002CF097 /* Sources */ = {
			isa = PBXSourcesBuildPhase;
			buildActionMask = 2147483647;
			files = (
				3F5517322861780B002CF097 /* TestPressTests.swift in Sources */,
			);
			runOnlyForDeploymentPostprocessing = 0;
		};
		3F5517332861780B002CF097 /* Sources */ = {
			isa = PBXSourcesBuildPhase;
			buildActionMask = 2147483647;
			files = (
				3F55173C2861780B002CF097 /* TestPressUITests.swift in Sources */,
			);
			runOnlyForDeploymentPostprocessing = 0;
		};
/* End PBXSourcesBuildPhase section */

/* Begin PBXTargetDependency section */
		3F55172F2861780B002CF097 /* PBXTargetDependency */ = {
			isa = PBXTargetDependency;
			target = 3F55171C2861780A002CF097 /* TestPress */;
			targetProxy = 3F55172E2861780B002CF097 /* PBXContainerItemProxy */;
		};
		3F5517392861780B002CF097 /* PBXTargetDependency */ = {
			isa = PBXTargetDependency;
			target = 3F55171C2861780A002CF097 /* TestPress */;
			targetProxy = 3F5517382861780B002CF097 /* PBXContainerItemProxy */;
		};
/* End PBXTargetDependency section */

/* Begin XCBuildConfiguration section */
		3F55173F2861780B002CF097 /* Debug */ = {
			isa = XCBuildConfiguration;
			buildSettings = {
				ALWAYS_SEARCH_USER_PATHS = NO;
				CLANG_ANALYZER_NONNULL = YES;
				CLANG_ANALYZER_NUMBER_OBJECT_CONVERSION = YES_AGGRESSIVE;
				CLANG_CXX_LANGUAGE_STANDARD = "gnu++17";
				CLANG_ENABLE_MODULES = YES;
				CLANG_ENABLE_OBJC_ARC = YES;
				CLANG_ENABLE_OBJC_WEAK = YES;
				CLANG_WARN_BLOCK_CAPTURE_AUTORELEASING = YES;
				CLANG_WARN_BOOL_CONVERSION = YES;
				CLANG_WARN_COMMA = YES;
				CLANG_WARN_CONSTANT_CONVERSION = YES;
				CLANG_WARN_DEPRECATED_OBJC_IMPLEMENTATIONS = YES;
				CLANG_WARN_DIRECT_OBJC_ISA_USAGE = YES_ERROR;
				CLANG_WARN_DOCUMENTATION_COMMENTS = YES;
				CLANG_WARN_EMPTY_BODY = YES;
				CLANG_WARN_ENUM_CONVERSION = YES;
				CLANG_WARN_INFINITE_RECURSION = YES;
				CLANG_WARN_INT_CONVERSION = YES;
				CLANG_WARN_NON_LITERAL_NULL_CONVERSION = YES;
				CLANG_WARN_OBJC_IMPLICIT_RETAIN_SELF = YES;
				CLANG_WARN_OBJC_LITERAL_CONVERSION = YES;
				CLANG_WARN_OBJC_ROOT_CLASS = YES_ERROR;
				CLANG_WARN_QUOTED_INCLUDE_IN_FRAMEWORK_HEADER = YES;
				CLANG_WARN_RANGE_LOOP_ANALYSIS = YES;
				CLANG_WARN_STRICT_PROTOTYPES = YES;
				CLANG_WARN_SUSPICIOUS_MOVE = YES;
				CLANG_WARN_UNGUARDED_AVAILABILITY = YES_AGGRESSIVE;
				CLANG_WARN_UNREACHABLE_CODE = YES;
				CLANG_WARN__DUPLICATE_METHOD_MATCH = YES;
				COPY_PHASE_STRIP = NO;
				DEBUG_INFORMATION_FORMAT = dwarf;
				ENABLE_STRICT_OBJC_MSGSEND = YES;
				ENABLE_TESTABILITY = YES;
				GCC_C_LANGUAGE_STANDARD = gnu11;
				GCC_DYNAMIC_NO_PIC = NO;
				GCC_NO_COMMON_BLOCKS = YES;
				GCC_OPTIMIZATION_LEVEL = 0;
				GCC_PREPROCESSOR_DEFINITIONS = (
					"DEBUG=1",
					"$(inherited)",
				);
				GCC_WARN_64_TO_32_BIT_CONVERSION = YES;
				GCC_WARN_ABOUT_RETURN_TYPE = YES_ERROR;
				GCC_WARN_UNDECLARED_SELECTOR = YES;
				GCC_WARN_UNINITIALIZED_AUTOS = YES_AGGRESSIVE;
				GCC_WARN_UNUSED_FUNCTION = YES;
				GCC_WARN_UNUSED_VARIABLE = YES;
				IPHONEOS_DEPLOYMENT_TARGET = 15.5;
				MTL_ENABLE_DEBUG_INFO = INCLUDE_SOURCE;
				MTL_FAST_MATH = YES;
				ONLY_ACTIVE_ARCH = YES;
				SDKROOT = iphoneos;
				SWIFT_ACTIVE_COMPILATION_CONDITIONS = DEBUG;
				SWIFT_OPTIMIZATION_LEVEL = "-Onone";
			};
			name = Debug;
		};
		3F5517402861780B002CF097 /* Release */ = {
			isa = XCBuildConfiguration;
			buildSettings = {
				ALWAYS_SEARCH_USER_PATHS = NO;
				CLANG_ANALYZER_NONNULL = YES;
				CLANG_ANALYZER_NUMBER_OBJECT_CONVERSION = YES_AGGRESSIVE;
				CLANG_CXX_LANGUAGE_STANDARD = "gnu++17";
				CLANG_ENABLE_MODULES = YES;
				CLANG_ENABLE_OBJC_ARC = YES;
				CLANG_ENABLE_OBJC_WEAK = YES;
				CLANG_WARN_BLOCK_CAPTURE_AUTORELEASING = YES;
				CLANG_WARN_BOOL_CONVERSION = YES;
				CLANG_WARN_COMMA = YES;
				CLANG_WARN_CONSTANT_CONVERSION = YES;
				CLANG_WARN_DEPRECATED_OBJC_IMPLEMENTATIONS = YES;
				CLANG_WARN_DIRECT_OBJC_ISA_USAGE = YES_ERROR;
				CLANG_WARN_DOCUMENTATION_COMMENTS = YES;
				CLANG_WARN_EMPTY_BODY = YES;
				CLANG_WARN_ENUM_CONVERSION = YES;
				CLANG_WARN_INFINITE_RECURSION = YES;
				CLANG_WARN_INT_CONVERSION = YES;
				CLANG_WARN_NON_LITERAL_NULL_CONVERSION = YES;
				CLANG_WARN_OBJC_IMPLICIT_RETAIN_SELF = YES;
				CLANG_WARN_OBJC_LITERAL_CONVERSION = YES;
				CLANG_WARN_OBJC_ROOT_CLASS = YES_ERROR;
				CLANG_WARN_QUOTED_INCLUDE_IN_FRAMEWORK_HEADER = YES;
				CLANG_WARN_RANGE_LOOP_ANALYSIS = YES;
				CLANG_WARN_STRICT_PROTOTYPES = YES;
				CLANG_WARN_SUSPICIOUS_MOVE = YES;
				CLANG_WARN_UNGUARDED_AVAILABILITY = YES_AGGRESSIVE;
				CLANG_WARN_UNREACHABLE_CODE = YES;
				CLANG_WARN__DUPLICATE_METHOD_MATCH = YES;
				COPY_PHASE_STRIP = NO;
				DEBUG_INFORMATION_FORMAT = "dwarf-with-dsym";
				ENABLE_NS_ASSERTIONS = NO;
				ENABLE_STRICT_OBJC_MSGSEND = YES;
				GCC_C_LANGUAGE_STANDARD = gnu11;
				GCC_NO_COMMON_BLOCKS = YES;
				GCC_WARN_64_TO_32_BIT_CONVERSION = YES;
				GCC_WARN_ABOUT_RETURN_TYPE = YES_ERROR;
				GCC_WARN_UNDECLARED_SELECTOR = YES;
				GCC_WARN_UNINITIALIZED_AUTOS = YES_AGGRESSIVE;
				GCC_WARN_UNUSED_FUNCTION = YES;
				GCC_WARN_UNUSED_VARIABLE = YES;
				IPHONEOS_DEPLOYMENT_TARGET = 15.5;
				MTL_ENABLE_DEBUG_INFO = NO;
				MTL_FAST_MATH = YES;
				SDKROOT = iphoneos;
				SWIFT_COMPILATION_MODE = wholemodule;
				SWIFT_OPTIMIZATION_LEVEL = "-O";
				VALIDATE_PRODUCT = YES;
			};
			name = Release;
		};
		3F5517422861780B002CF097 /* Debug */ = {
			isa = XCBuildConfiguration;
			buildSettings = {
				ASSETCATALOG_COMPILER_APPICON_NAME = AppIcon;
				ASSETCATALOG_COMPILER_GLOBAL_ACCENT_COLOR_NAME = AccentColor;
				CODE_SIGN_STYLE = Automatic;
				CURRENT_PROJECT_VERSION = 1;
				DEVELOPMENT_ASSET_PATHS = "\"TestPress/Preview Content\"";
				ENABLE_PREVIEWS = YES;
				GENERATE_INFOPLIST_FILE = YES;
				INFOPLIST_KEY_UIApplicationSceneManifest_Generation = YES;
				INFOPLIST_KEY_UIApplicationSupportsIndirectInputEvents = YES;
				INFOPLIST_KEY_UILaunchScreen_Generation = YES;
				INFOPLIST_KEY_UISupportedInterfaceOrientations_iPad = "UIInterfaceOrientationPortrait UIInterfaceOrientationPortraitUpsideDown UIInterfaceOrientationLandscapeLeft UIInterfaceOrientationLandscapeRight";
				INFOPLIST_KEY_UISupportedInterfaceOrientations_iPhone = "UIInterfaceOrientationPortrait UIInterfaceOrientationLandscapeLeft UIInterfaceOrientationLandscapeRight";
				LD_RUNPATH_SEARCH_PATHS = (
					"$(inherited)",
					"@executable_path/Frameworks",
				);
				MARKETING_VERSION = 1.0;
				PRODUCT_BUNDLE_IDENTIFIER = oss.automattic.TestPress;
				PRODUCT_NAME = "$(TARGET_NAME)";
				SWIFT_EMIT_LOC_STRINGS = YES;
				SWIFT_VERSION = 5.0;
				TARGETED_DEVICE_FAMILY = "1,2";
			};
			name = Debug;
		};
		3F5517432861780B002CF097 /* Release */ = {
			isa = XCBuildConfiguration;
			buildSettings = {
				ASSETCATALOG_COMPILER_APPICON_NAME = AppIcon;
				ASSETCATALOG_COMPILER_GLOBAL_ACCENT_COLOR_NAME = AccentColor;
				CODE_SIGN_STYLE = Automatic;
				CURRENT_PROJECT_VERSION = 1;
				DEVELOPMENT_ASSET_PATHS = "\"TestPress/Preview Content\"";
				ENABLE_PREVIEWS = YES;
				GENERATE_INFOPLIST_FILE = YES;
				INFOPLIST_KEY_UIApplicationSceneManifest_Generation = YES;
				INFOPLIST_KEY_UIApplicationSupportsIndirectInputEvents = YES;
				INFOPLIST_KEY_UILaunchScreen_Generation = YES;
				INFOPLIST_KEY_UISupportedInterfaceOrientations_iPad = "UIInterfaceOrientationPortrait UIInterfaceOrientationPortraitUpsideDown UIInterfaceOrientationLandscapeLeft UIInterfaceOrientationLandscapeRight";
				INFOPLIST_KEY_UISupportedInterfaceOrientations_iPhone = "UIInterfaceOrientationPortrait UIInterfaceOrientationLandscapeLeft UIInterfaceOrientationLandscapeRight";
				LD_RUNPATH_SEARCH_PATHS = (
					"$(inherited)",
					"@executable_path/Frameworks",
				);
				MARKETING_VERSION = 1.0;
				PRODUCT_BUNDLE_IDENTIFIER = oss.automattic.TestPress;
				PRODUCT_NAME = "$(TARGET_NAME)";
				SWIFT_EMIT_LOC_STRINGS = YES;
				SWIFT_VERSION = 5.0;
				TARGETED_DEVICE_FAMILY = "1,2";
			};
			name = Release;
		};
		3F5517452861780B002CF097 /* Debug */ = {
			isa = XCBuildConfiguration;
			buildSettings = {
				ALWAYS_EMBED_SWIFT_STANDARD_LIBRARIES = YES;
				BUNDLE_LOADER = "$(TEST_HOST)";
				CODE_SIGN_STYLE = Automatic;
				CURRENT_PROJECT_VERSION = 1;
				GENERATE_INFOPLIST_FILE = YES;
				IPHONEOS_DEPLOYMENT_TARGET = 15.5;
				MARKETING_VERSION = 1.0;
				PRODUCT_BUNDLE_IDENTIFIER = oss.automattic.TestPressTests;
				PRODUCT_NAME = "$(TARGET_NAME)";
				SWIFT_EMIT_LOC_STRINGS = NO;
				SWIFT_VERSION = 5.0;
				TARGETED_DEVICE_FAMILY = "1,2";
				TEST_HOST = "$(BUILT_PRODUCTS_DIR)/TestPress.app/TestPress";
			};
			name = Debug;
		};
		3F5517462861780B002CF097 /* Release */ = {
			isa = XCBuildConfiguration;
			buildSettings = {
				ALWAYS_EMBED_SWIFT_STANDARD_LIBRARIES = YES;
				BUNDLE_LOADER = "$(TEST_HOST)";
				CODE_SIGN_STYLE = Automatic;
				CURRENT_PROJECT_VERSION = 1;
				GENERATE_INFOPLIST_FILE = YES;
				IPHONEOS_DEPLOYMENT_TARGET = 15.5;
				MARKETING_VERSION = 1.0;
				PRODUCT_BUNDLE_IDENTIFIER = oss.automattic.TestPressTests;
				PRODUCT_NAME = "$(TARGET_NAME)";
				SWIFT_EMIT_LOC_STRINGS = NO;
				SWIFT_VERSION = 5.0;
				TARGETED_DEVICE_FAMILY = "1,2";
				TEST_HOST = "$(BUILT_PRODUCTS_DIR)/TestPress.app/TestPress";
			};
			name = Release;
		};
		3F5517482861780B002CF097 /* Debug */ = {
			isa = XCBuildConfiguration;
			buildSettings = {
				ALWAYS_EMBED_SWIFT_STANDARD_LIBRARIES = YES;
				CODE_SIGN_STYLE = Automatic;
				CURRENT_PROJECT_VERSION = 1;
				GENERATE_INFOPLIST_FILE = YES;
				MARKETING_VERSION = 1.0;
				PRODUCT_BUNDLE_IDENTIFIER = oss.automattic.TestPressUITests;
				PRODUCT_NAME = "$(TARGET_NAME)";
				SWIFT_EMIT_LOC_STRINGS = NO;
				SWIFT_VERSION = 5.0;
				TARGETED_DEVICE_FAMILY = "1,2";
				TEST_TARGET_NAME = TestPress;
			};
			name = Debug;
		};
		3F5517492861780B002CF097 /* Release */ = {
			isa = XCBuildConfiguration;
			buildSettings = {
				ALWAYS_EMBED_SWIFT_STANDARD_LIBRARIES = YES;
				CODE_SIGN_STYLE = Automatic;
				CURRENT_PROJECT_VERSION = 1;
				GENERATE_INFOPLIST_FILE = YES;
				MARKETING_VERSION = 1.0;
				PRODUCT_BUNDLE_IDENTIFIER = oss.automattic.TestPressUITests;
				PRODUCT_NAME = "$(TARGET_NAME)";
				SWIFT_EMIT_LOC_STRINGS = NO;
				SWIFT_VERSION = 5.0;
				TARGETED_DEVICE_FAMILY = "1,2";
				TEST_TARGET_NAME = TestPress;
			};
			name = Release;
		};
/* End XCBuildConfiguration section */

/* Begin XCConfigurationList section */
		3F5517182861780A002CF097 /* Build configuration list for PBXProject "TestPress" */ = {
			isa = XCConfigurationList;
			buildConfigurations = (
				3F55173F2861780B002CF097 /* Debug */,
				3F5517402861780B002CF097 /* Release */,
			);
			defaultConfigurationIsVisible = 0;
			defaultConfigurationName = Release;
		};
		3F5517412861780B002CF097 /* Build configuration list for PBXNativeTarget "TestPress" */ = {
			isa = XCConfigurationList;
			buildConfigurations = (
				3F5517422861780B002CF097 /* Debug */,
				3F5517432861780B002CF097 /* Release */,
			);
			defaultConfigurationIsVisible = 0;
			defaultConfigurationName = Release;
		};
		3F5517442861780B002CF097 /* Build configuration list for PBXNativeTarget "TestPressTests" */ = {
			isa = XCConfigurationList;
			buildConfigurations = (
				3F5517452861780B002CF097 /* Debug */,
				3F5517462861780B002CF097 /* Release */,
			);
			defaultConfigurationIsVisible = 0;
			defaultConfigurationName = Release;
		};
		3F5517472861780B002CF097 /* Build configuration list for PBXNativeTarget "TestPressUITests" */ = {
			isa = XCConfigurationList;
			buildConfigurations = (
				3F5517482861780B002CF097 /* Debug */,
				3F5517492861780B002CF097 /* Release */,
			);
			defaultConfigurationIsVisible = 0;
			defaultConfigurationName = Release;
		};
/* End XCConfigurationList section */

/* Begin XCRemoteSwiftPackageReference section */
		3F55174A286186A8002CF097 /* XCRemoteSwiftPackageReference "test-collector-swift" */ = {
			isa = XCRemoteSwiftPackageReference;
			repositoryURL = "https://github.com/buildkite/test-collector-swift";
			requirement = {
				branch = main;
				kind = branch;
			};
		};
/* End XCRemoteSwiftPackageReference section */

/* Begin XCSwiftPackageProductDependency section */
		3F55174B286186A8002CF097 /* BuildkiteTestCollector */ = {
			isa = XCSwiftPackageProductDependency;
			package = 3F55174A286186A8002CF097 /* XCRemoteSwiftPackageReference "test-collector-swift" */;
			productName = BuildkiteTestCollector;
		};
/* End XCSwiftPackageProductDependency section */
	};
	rootObject = 3F5517152861780A002CF097 /* Project object */;
}
